
Microsoft Visual Studio Solution File, Format Version 12.00
# Visual Studio 15
VisualStudioVersion = 15.0.28307.168
MinimumVisualStudioVersion = 10.0.40219.1
Project("{8BC9CEB8-8B4A-11D0-8D11-00A0C91BC942}") = "HazelEngine", "HazelEngine\HazelEngine.vcxproj", "{4451F386-3460-4AFA-B658-05F57A53977A}"
EndProject
Project("{8BC9CEB8-8B4A-11D0-8D11-00A0C91BC942}") = "Sandbox", "Sandbox\Sandbox.vcxproj", "{A5E00D86-CB66-489E-97BF-5467CE361BCC}"
EndProject
Global
	GlobalSection(SolutionConfigurationPlatforms) = preSolution
		Debug|x64 = Debug|x64
		Release|x64 = Release|x64
	EndGlobalSection
	GlobalSection(ProjectConfigurationPlatforms) = postSolution
		{4451F386-3460-4AFA-B658-05F57A53977A}.Debug|x64.ActiveCfg = Debug|x64
		{4451F386-3460-4AFA-B658-05F57A53977A}.Debug|x64.Build.0 = Debug|x64
		{4451F386-3460-4AFA-B658-05F57A53977A}.Release|x64.ActiveCfg = Release|x64
		{4451F386-3460-4AFA-B658-05F57A53977A}.Release|x64.Build.0 = Release|x64
		{A5E00D86-CB66-489E-97BF-5467CE361BCC}.Debug|x64.ActiveCfg = Debug|x64
		{A5E00D86-CB66-489E-97BF-5467CE361BCC}.Debug|x64.Build.0 = Debug|x64
		{A5E00D86-CB66-489E-97BF-5467CE361BCC}.Release|x64.ActiveCfg = Release|x64
		{A5E00D86-CB66-489E-97BF-5467CE361BCC}.Release|x64.Build.0 = Release|x64
	EndGlobalSection
	GlobalSection(SolutionProperties) = preSolution
		HideSolutionNode = FALSE
	EndGlobalSection
	GlobalSection(ExtensibilityGlobals) = postSolution
		SolutionGuid = {5D113D24-77E8-4877-929F-2650E4C1D549}
	EndGlobalSection
EndGlobal
